<?xml version="1.0" encoding="utf-8"?>
<Project ToolsVersion="4.0" xmlns="http://schemas.microsoft.com/developer/msbuild/2003">
  <ItemGroup>
    <Filter Include="Source Files">
      <UniqueIdentifier>{4FC737F1-C7A5-4376-A066-2A32D752A2FF}</UniqueIdentifier>
      <Extensions>cpp;c;cc;cxx;def;odl;idl;hpj;bat;asm;asmx</Extensions>
    </Filter>
    <Filter Include="Header Files">
      <UniqueIdentifier>{93995380-89BD-4b04-88EB-625FBE52EBFB}</UniqueIdentifier>
      <Extensions>h;hh;hpp;hxx;hm;inl;inc;ipp;xsd</Extensions>
    </Filter>
    <Filter Include="Resource Files">
      <UniqueIdentifier>{67DA6AB6-F800-4c08-8B7A-83BB121AAD01}</UniqueIdentifier>
      <Extensions>rc;ico;cur;bmp;dlg;rc2;rct;bin;rgs;gif;jpg;jpeg;jpe;resx;tiff;tif;png;wav;mfcribbon-ms</Extensions>
    </Filter>
  </ItemGroup>
  <ItemGroup>
    <ClCompile Include="AttackFifthLevel.cpp">
      <Filter>Source Files</Filter>
    </ClCompile>
    <ClCompile Include="AttackFirstLevel.cpp">
      <Filter>Source Files</Filter>
    </ClCompile>
    <ClCompile Include="AttackFourthLevel.cpp">
      <Filter>Source Files</Filter>
    </ClCompile>
    <ClCompile Include="AttackSecondLevel.cpp">
      <Filter>Source Files</Filter>
    </ClCompile>
    <ClCompile Include="AttackThirdLevel.cpp">
      <Filter>Source Files</Filter>
    </ClCompile>
    <ClCompile Include="BackgroundManager.cpp">
      <Filter>Source Files</Filter>
    </ClCompile>
    <ClCompile Include="BaseException.cpp">
      <Filter>Source Files</Filter>
    </ClCompile>
    <ClCompile Include="BaseMenu.cpp">
      <Filter>Source Files</Filter>
    </ClCompile>
    <ClCompile Include="Chicken.cpp">
      <Filter>Source Files</Filter>
    </ClCompile>
    <ClCompile Include="ChickenBase.cpp">
      <Filter>Source Files</Filter>
    </ClCompile>
    <ClCompile Include="ChickenBoss1.cpp">
      <Filter>Source Files</Filter>
    </ClCompile>
    <ClCompile Include="ChickenBoss2.cpp">
      <Filter>Source Files</Filter>
    </ClCompile>
    <ClCompile Include="ChickenBoss3.cpp">
      <Filter>Source Files</Filter>
    </ClCompile>
    <ClCompile Include="ChickenLeg.cpp">
      <Filter>Source Files</Filter>
    </ClCompile>
    <ClCompile Include="Coin.cpp">
      <Filter>Source Files</Filter>
    </ClCompile>
    <ClCompile Include="CollisionHandling.cpp">
      <Filter>Source Files</Filter>
    </ClCompile>
    <ClCompile Include="Controller.cpp">
      <Filter>Source Files</Filter>
    </ClCompile>
    <ClCompile Include="DownLeftMove.cpp">
      <Filter>Source Files</Filter>
    </ClCompile>
    <ClCompile Include="DownRightMove.cpp">
      <Filter>Source Files</Filter>
    </ClCompile>
    <ClCompile Include="Egg.cpp">
      <Filter>Source Files</Filter>
    </ClCompile>
    <ClCompile Include="ExitGame.cpp">
      <Filter>Source Files</Filter>
    </ClCompile>
    <ClCompile Include="Factory.cpp">
      <Filter>Source Files</Filter>
    </ClCompile>
    <ClCompile Include="FallingObject.cpp">
      <Filter>Source Files</Filter>
    </ClCompile>
    <ClCompile Include="GameObject.cpp">
      <Filter>Source Files</Filter>
    </ClCompile>
    <ClCompile Include="Instructions.cpp">
      <Filter>Source Files</Filter>
    </ClCompile>
    <ClCompile Include="Level.cpp">
      <Filter>Source Files</Filter>
    </ClCompile>
    <ClCompile Include="LevelUpdater.cpp">
      <Filter>Source Files</Filter>
    </ClCompile>
    <ClCompile Include="Logger.cpp">
      <Filter>Source Files</Filter>
    </ClCompile>
    <ClCompile Include="Menu.cpp">
      <Filter>Source Files</Filter>
    </ClCompile>
    <ClCompile Include="MoveLeftAngle1.cpp">
      <Filter>Source Files</Filter>
    </ClCompile>
    <ClCompile Include="MoveRightAngle1.cpp">
      <Filter>Source Files</Filter>
    </ClCompile>
    <ClCompile Include="MoveStraight.cpp">
      <Filter>Source Files</Filter>
    </ClCompile>
    <ClCompile Include="PauseMenu.cpp">
      <Filter>Source Files</Filter>
    </ClCompile>
    <ClCompile Include="PlayGame.cpp">
      <Filter>Source Files</Filter>
    </ClCompile>
    <ClCompile Include="Prize.cpp">
      <Filter>Source Files</Filter>
    </ClCompile>
    <ClCompile Include="RandomFactory.cpp">
      <Filter>Source Files</Filter>
    </ClCompile>
    <ClCompile Include="ResourcesManager.cpp">
      <Filter>Source Files</Filter>
    </ClCompile>
    <ClCompile Include="Resume.cpp">
      <Filter>Source Files</Filter>
    </ClCompile>
    <ClCompile Include="ScoreBoard.cpp">
      <Filter>Source Files</Filter>
    </ClCompile>
    <ClCompile Include="ShootObject.cpp">
      <Filter>Source Files</Filter>
    </ClCompile>
    <ClCompile Include="SimpleBossMove.cpp">
      <Filter>Source Files</Filter>
    </ClCompile>
    <ClCompile Include="SimpleMove.cpp">
      <Filter>Source Files</Filter>
    </ClCompile>
    <ClCompile Include="SoundManager.cpp">
      <Filter>Source Files</Filter>
    </ClCompile>
    <ClCompile Include="Source.cpp">
      <Filter>Source Files</Filter>
    </ClCompile>
    <ClCompile Include="spaceShip.cpp">
      <Filter>Source Files</Filter>
    </ClCompile>
    <ClCompile Include="ToggleSound.cpp">
      <Filter>Source Files</Filter>
    </ClCompile>
    <ClCompile Include="UnknownCollision.cpp">
      <Filter>Source Files</Filter>
    </ClCompile>
    <ClCompile Include="UnknownObject.cpp">
      <Filter>Source Files</Filter>
    </ClCompile>
    <ClCompile Include="WantedPositionMove.cpp">
      <Filter>Source Files</Filter>
    </ClCompile>
    <ClCompile Include="Wave1.cpp">
      <Filter>Source Files</Filter>
    </ClCompile>
    <ClCompile Include="Wave2.cpp">
      <Filter>Source Files</Filter>
    </ClCompile>
    <ClCompile Include="Wave3.cpp">
      <Filter>Source Files</Filter>
    </ClCompile>
    <ClCompile Include="Wave4.cpp">
      <Filter>Source Files</Filter>
    </ClCompile>
    <ClCompile Include="Wave5.cpp">
      <Filter>Source Files</Filter>
    </ClCompile>
    <ClCompile Include="WaveBoss1.cpp">
      <Filter>Source Files</Filter>
    </ClCompile>
    <ClCompile Include="WaveBoss2.cpp">
      <Filter>Source Files</Filter>
    </ClCompile>
    <ClCompile Include="WaveBoss3.cpp">
      <Filter>Source Files</Filter>
    </ClCompile>
    <ClCompile Include="WaveInterface.cpp">
      <Filter>Source Files</Filter>
    </ClCompile>
  </ItemGroup>
  <ItemGroup>
    <ClInclude Include="AttackFifthLevel.h">
      <Filter>Header Files</Filter>
    </ClInclude>
    <ClInclude Include="AttackFirstLevel.h">
      <Filter>Header Files</Filter>
    </ClInclude>
    <ClInclude Include="AttackFourthLevel.h">
      <Filter>Header Files</Filter>
    </ClInclude>
    <ClInclude Include="AttackSecondLevel.h">
      <Filter>Header Files</Filter>
    </ClInclude>
    <ClInclude Include="AttackStrategyInterface.h">
      <Filter>Header Files</Filter>
    </ClInclude>
    <ClInclude Include="AttackThirdLevel.h">
      <Filter>Header Files</Filter>
    </ClInclude>
    <ClInclude Include="BackgroundManager.h">
      <Filter>Header Files</Filter>
    </ClInclude>
    <ClInclude Include="BaseException.h">
      <Filter>Header Files</Filter>
    </ClInclude>
    <ClInclude Include="BaseMenu.h">
      <Filter>Header Files</Filter>
    </ClInclude>
    <ClInclude Include="Chicken.h">
      <Filter>Header Files</Filter>
    </ClInclude>
    <ClInclude Include="ChickenBase.h">
      <Filter>Header Files</Filter>
    </ClInclude>
    <ClInclude Include="ChickenBoss1.h">
      <Filter>Header Files</Filter>
    </ClInclude>
    <ClInclude Include="ChickenBoss2.h">
      <Filter>Header Files</Filter>
    </ClInclude>
    <ClInclude Include="ChickenBoss3.h">
      <Filter>Header Files</Filter>
    </ClInclude>
    <ClInclude Include="ChickenLeg.h">
      <Filter>Header Files</Filter>
    </ClInclude>
    <ClInclude Include="Coin.h">
      <Filter>Header Files</Filter>
    </ClInclude>
    <ClInclude Include="CollisionHandling.h">
      <Filter>Header Files</Filter>
    </ClInclude>
    <ClInclude Include="Constants and Enums.h">
      <Filter>Header Files</Filter>
    </ClInclude>
    <ClInclude Include="Controller.h">
      <Filter>Header Files</Filter>
    </ClInclude>
    <ClInclude Include="DownLeftMove.h">
      <Filter>Header Files</Filter>
    </ClInclude>
    <ClInclude Include="DownRightMove.h">
      <Filter>Header Files</Filter>
    </ClInclude>
    <ClInclude Include="Egg.h">
      <Filter>Header Files</Filter>
    </ClInclude>
    <ClInclude Include="ExitGame.h">
      <Filter>Header Files</Filter>
    </ClInclude>
    <ClInclude Include="Factory.h">
      <Filter>Header Files</Filter>
    </ClInclude>
    <ClInclude Include="FallingObject.h">
      <Filter>Header Files</Filter>
    </ClInclude>
    <ClInclude Include="GameObject.h">
      <Filter>Header Files</Filter>
    </ClInclude>
    <ClInclude Include="Instructions.h">
      <Filter>Header Files</Filter>
    </ClInclude>
    <ClInclude Include="Level.h">
      <Filter>Header Files</Filter>
    </ClInclude>
    <ClInclude Include="LevelUpdater.h">
      <Filter>Header Files</Filter>
    </ClInclude>
    <ClInclude Include="Logger.h">
      <Filter>Header Files</Filter>
    </ClInclude>
    <ClInclude Include="MacrosEnums.h">
      <Filter>Header Files</Filter>
    </ClInclude>
    <ClInclude Include="Menu.h">
      <Filter>Header Files</Filter>
    </ClInclude>
    <ClInclude Include="MenuCommandInterface.h">
      <Filter>Header Files</Filter>
    </ClInclude>
    <ClInclude Include="MoveBehaviorInterface.h">
      <Filter>Header Files</Filter>
    </ClInclude>
    <ClInclude Include="MoveBulletsInterface.h">
      <Filter>Header Files</Filter>
    </ClInclude>
    <ClInclude Include="MoveLeftAngle1.h">
      <Filter>Header Files</Filter>
    </ClInclude>
    <ClInclude Include="MoveRightAngle1.h">
      <Filter>Header Files</Filter>
    </ClInclude>
    <ClInclude Include="MoveStraight.h">
      <Filter>Header Files</Filter>
    </ClInclude>
    <ClInclude Include="PauseMenu.h">
      <Filter>Header Files</Filter>
    </ClInclude>
    <ClInclude Include="PlayGame.h">
      <Filter>Header Files</Filter>
    </ClInclude>
    <ClInclude Include="Prize.h">
      <Filter>Header Files</Filter>
    </ClInclude>
    <ClInclude Include="RandomFactory.h">
      <Filter>Header Files</Filter>
    </ClInclude>
    <ClInclude Include="ResourcesManager.h">
      <Filter>Header Files</Filter>
    </ClInclude>
    <ClInclude Include="Resume.h">
      <Filter>Header Files</Filter>
    </ClInclude>
    <ClInclude Include="ScoreBoard.h">
      <Filter>Header Files</Filter>
    </ClInclude>
    <ClInclude Include="ShootObject.h">
      <Filter>Header Files</Filter>
    </ClInclude>
    <ClInclude Include="SimpleBossMove.h">
      <Filter>Header Files</Filter>
    </ClInclude>
    <ClInclude Include="SimpleMove.h">
      <Filter>Header Files</Filter>
    </ClInclude>
    <ClInclude Include="SoundManager.h">
      <Filter>Header Files</Filter>
    </ClInclude>
    <ClInclude Include="spaceShip.h">
      <Filter>Header Files</Filter>
    </ClInclude>
    <ClInclude Include="ToggleSound.h">
      <Filter>Header Files</Filter>
    </ClInclude>
    <ClInclude Include="UnknownCollision.h">
      <Filter>Header Files</Filter>
    </ClInclude>
    <ClInclude Include="UnknownObject.h">
      <Filter>Header Files</Filter>
    </ClInclude>
    <ClInclude Include="WantedPositionMove.h">
      <Filter>Header Files</Filter>
    </ClInclude>
    <ClInclude Include="Wave1.h">
      <Filter>Header Files</Filter>
    </ClInclude>
    <ClInclude Include="Wave2.h">
      <Filter>Header Files</Filter>
    </ClInclude>
    <ClInclude Include="Wave3.h">
      <Filter>Header Files</Filter>
    </ClInclude>
    <ClInclude Include="Wave4.h">
      <Filter>Header Files</Filter>
    </ClInclude>
    <ClInclude Include="Wave5.h">
      <Filter>Header Files</Filter>
    </ClInclude>
    <ClInclude Include="WaveBoss1.h">
      <Filter>Header Files</Filter>
    </ClInclude>
    <ClInclude Include="WaveBoss2.h">
      <Filter>Header Files</Filter>
    </ClInclude>
    <ClInclude Include="WaveBoss3.h">
      <Filter>Header Files</Filter>
    </ClInclude>
    <ClInclude Include="WaveInterface.h">
      <Filter>Header Files</Filter>
    </ClInclude>
  </ItemGroup>
  <ItemGroup>
    <Text Include="Logger.txt" />
    <Text Include="Sounds.txt" />
    <Text Include="Sprites.txt" />
  </ItemGroup>
  <ItemGroup>
    <None Include="ProjectSem2.vcxproj" />
    <None Include="ProjectSem2.vcxproj.filters" />
    <None Include="ProjectSem2.vcxproj.user" />
  </ItemGroup>
</Project>